
Microsoft Visual Studio Solution File, Format Version 12.00
# Visual Studio Version 16
VisualStudioVersion = 16.0.31313.79
MinimumVisualStudioVersion = 10.0.40219.1
Project("{FAE04EC0-301F-11D3-BF4B-00C04F79EFBC}") = "DynamicsCrmToCsvApp", "DynamicsCrmToCsvApp.csproj", "{F9AE141A-7A5B-497C-A2C2-05AE03FAEB6B}"
EndProject
Project("{FAE04EC0-301F-11D3-BF4B-00C04F79EFBC}") = "DynamicsCrmToCsvAppTests", "..\DynamicsCrmAppTests\DynamicsCrmToCsvAppTests.csproj", "{56E8E33A-C3A5-4E4E-9344-9E8B8F395B45}"
EndProject
Global
	GlobalSection(SolutionConfigurationPlatforms) = preSolution
		Debug|Any CPU = Debug|Any CPU
		Release|Any CPU = Release|Any CPU
	EndGlobalSection
	GlobalSection(ProjectConfigurationPlatforms) = postSolution
		{F9AE141A-7A5B-497C-A2C2-05AE03FAEB6B}.Debug|Any CPU.ActiveCfg = Debug|Any CPU
		{F9AE141A-7A5B-497C-A2C2-05AE03FAEB6B}.Debug|Any CPU.Build.0 = Debug|Any CPU
		{F9AE141A-7A5B-497C-A2C2-05AE03FAEB6B}.Release|Any CPU.ActiveCfg = Release|Any CPU
		{F9AE141A-7A5B-497C-A2C2-05AE03FAEB6B}.Release|Any CPU.Build.0 = Release|Any CPU
		{56E8E33A-C3A5-4E4E-9344-9E8B8F395B45}.Debug|Any CPU.ActiveCfg = Debug|Any CPU
		{56E8E33A-C3A5-4E4E-9344-9E8B8F395B45}.Debug|Any CPU.Build.0 = Debug|Any CPU
		{56E8E33A-C3A5-4E4E-9344-9E8B8F395B45}.Release|Any CPU.ActiveCfg = Release|Any CPU
		{56E8E33A-C3A5-4E4E-9344-9E8B8F395B45}.Release|Any CPU.Build.0 = Release|Any CPU
	EndGlobalSection
	GlobalSection(SolutionProperties) = preSolution
		HideSolutionNode = FALSE
	EndGlobalSection
	GlobalSection(ExtensibilityGlobals) = postSolution
		SolutionGuid = {288E9C79-2E5D-4480-8EAC-D303C7EB9A11}
	EndGlobalSection
EndGlobal
